// !$*UTF8*$!
{
	archiveVersion = 1;
	classes = {
	};
	objectVersion = 50;
	objects = {

/* Begin PBXBuildFile section */
		84813EBE2410157B008F91CA /* AppDelegate.swift in Sources */ = {isa = PBXBuildFile; fileRef = 84813EBD2410157B008F91CA /* AppDelegate.swift */; };
		84813EC22410157B008F91CA /* ViewController.swift in Sources */ = {isa = PBXBuildFile; fileRef = 84813EC12410157B008F91CA /* ViewController.swift */; };
		84813EC52410157B008F91CA /* Main.storyboard in Resources */ = {isa = PBXBuildFile; fileRef = 84813EC32410157B008F91CA /* Main.storyboard */; };
		84813EC72410157B008F91CA /* Assets.xcassets in Resources */ = {isa = PBXBuildFile; fileRef = 84813EC62410157B008F91CA /* Assets.xcassets */; };
		84813ECA2410157B008F91CA /* LaunchScreen.storyboard in Resources */ = {isa = PBXBuildFile; fileRef = 84813EC82410157B008F91CA /* LaunchScreen.storyboard */; };
		84813ED224101904008F91CA /* TextEditorViewModel.swift in Sources */ = {isa = PBXBuildFile; fileRef = 84813ED124101904008F91CA /* TextEditorViewModel.swift */; };
		84813ED42410193B008F91CA /* Extensions.swift in Sources */ = {isa = PBXBuildFile; fileRef = 84813ED32410193B008F91CA /* Extensions.swift */; };
		84813EEC2410400A008F91CA /* TextEditorViewModelTest.swift in Sources */ = {isa = PBXBuildFile; fileRef = 84813EEB2410400A008F91CA /* TextEditorViewModelTest.swift */; };
/* End PBXBuildFile section */

/* Begin PBXContainerItemProxy section */
		84813EEE2410400A008F91CA /* PBXContainerItemProxy */ = {
			isa = PBXContainerItemProxy;
			containerPortal = 84813EB22410157B008F91CA /* Project object */;
			proxyType = 1;
			remoteGlobalIDString = 84813EB92410157B008F91CA;
			remoteInfo = TextEditor;
		};
/* End PBXContainerItemProxy section */

/* Begin PBXFileReference section */
		84813EBA2410157B008F91CA /* TextEditor.app */ = {isa = PBXFileReference; explicitFileType = wrapper.application; includeInIndex = 0; path = TextEditor.app; sourceTree = BUILT_PRODUCTS_DIR; };
		84813EBD2410157B008F91CA /* AppDelegate.swift */ = {isa = PBXFileReference; lastKnownFileType = sourcecode.swift; path = AppDelegate.swift; sourceTree = "<group>"; };
		84813EC12410157B008F91CA /* ViewController.swift */ = {isa = PBXFileReference; lastKnownFileType = sourcecode.swift; path = ViewController.swift; sourceTree = "<group>"; };
		84813EC42410157B008F91CA /* Base */ = {isa = PBXFileReference; lastKnownFileType = file.storyboard; name = Base; path = Base.lproj/Main.storyboard; sourceTree = "<group>"; };
		84813EC62410157B008F91CA /* Assets.xcassets */ = {isa = PBXFileReference; lastKnownFileType = folder.assetcatalog; path = Assets.xcassets; sourceTree = "<group>"; };
		84813EC92410157B008F91CA /* Base */ = {isa = PBXFileReference; lastKnownFileType = file.storyboard; name = Base; path = Base.lproj/LaunchScreen.storyboard; sourceTree = "<group>"; };
		84813ECB2410157B008F91CA /* Info.plist */ = {isa = PBXFileReference; lastKnownFileType = text.plist.xml; path = Info.plist; sourceTree = "<group>"; };
		84813ED124101904008F91CA /* TextEditorViewModel.swift */ = {isa = PBXFileReference; lastKnownFileType = sourcecode.swift; path = TextEditorViewModel.swift; sourceTree = "<group>"; };
		84813ED32410193B008F91CA /* Extensions.swift */ = {isa = PBXFileReference; lastKnownFileType = sourcecode.swift; path = Extensions.swift; sourceTree = "<group>"; };
		84813EE92410400A008F91CA /* TextEditorViewModelTest.xctest */ = {isa = PBXFileReference; explicitFileType = wrapper.cfbundle; includeInIndex = 0; path = TextEditorViewModelTest.xctest; sourceTree = BUILT_PRODUCTS_DIR; };
		84813EEB2410400A008F91CA /* TextEditorViewModelTest.swift */ = {isa = PBXFileReference; lastKnownFileType = sourcecode.swift; path = TextEditorViewModelTest.swift; sourceTree = "<group>"; };
		84813EED2410400A008F91CA /* Info.plist */ = {isa = PBXFileReference; lastKnownFileType = text.plist.xml; path = Info.plist; sourceTree = "<group>"; };
/* End PBXFileReference section */

/* Begin PBXFrameworksBuildPhase section */
		84813EB72410157B008F91CA /* Frameworks */ = {
			isa = PBXFrameworksBuildPhase;
			buildActionMask = 2147483647;
			files = (
			);
			runOnlyForDeploymentPostprocessing = 0;
		};
		84813EE62410400A008F91CA /* Frameworks */ = {
			isa = PBXFrameworksBuildPhase;
			buildActionMask = 2147483647;
			files = (
			);
			runOnlyForDeploymentPostprocessing = 0;
		};
/* End PBXFrameworksBuildPhase section */

/* Begin PBXGroup section */
		84813EB12410157B008F91CA = {
			isa = PBXGroup;
			children = (
				84813EBC2410157B008F91CA /* TextEditor */,
				84813EEA2410400A008F91CA /* TextEditorViewModelTest */,
				84813EBB2410157B008F91CA /* Products */,
			);
			sourceTree = "<group>";
		};
		84813EBB2410157B008F91CA /* Products */ = {
			isa = PBXGroup;
			children = (
				84813EBA2410157B008F91CA /* TextEditor.app */,
				84813EE92410400A008F91CA /* TextEditorViewModelTest.xctest */,
			);
			name = Products;
			sourceTree = "<group>";
		};
		84813EBC2410157B008F91CA /* TextEditor */ = {
			isa = PBXGroup;
			children = (
				84813EBD2410157B008F91CA /* AppDelegate.swift */,
				84813EC12410157B008F91CA /* ViewController.swift */,
				84813ED124101904008F91CA /* TextEditorViewModel.swift */,
				84813ED32410193B008F91CA /* Extensions.swift */,
				84813EC32410157B008F91CA /* Main.storyboard */,
				84813EC62410157B008F91CA /* Assets.xcassets */,
				84813EC82410157B008F91CA /* LaunchScreen.storyboard */,
				84813ECB2410157B008F91CA /* Info.plist */,
			);
			path = TextEditor;
			sourceTree = "<group>";
		};
		84813EEA2410400A008F91CA /* TextEditorViewModelTest */ = {
			isa = PBXGroup;
			children = (
				84813EEB2410400A008F91CA /* TextEditorViewModelTest.swift */,
				84813EED2410400A008F91CA /* Info.plist */,
			);
			path = TextEditorViewModelTest;
			sourceTree = "<group>";
		};
/* End PBXGroup section */

/* Begin PBXNativeTarget section */
		84813EB92410157B008F91CA /* TextEditor */ = {
			isa = PBXNativeTarget;
			buildConfigurationList = 84813ECE2410157B008F91CA /* Build configuration list for PBXNativeTarget "TextEditor" */;
			buildPhases = (
				84813EB62410157B008F91CA /* Sources */,
				84813EB72410157B008F91CA /* Frameworks */,
				84813EB82410157B008F91CA /* Resources */,
			);
			buildRules = (
			);
			dependencies = (
			);
			name = TextEditor;
			productName = TextEditor;
			productReference = 84813EBA2410157B008F91CA /* TextEditor.app */;
			productType = "com.apple.product-type.application";
		};
		84813EE82410400A008F91CA /* TextEditorViewModelTest */ = {
			isa = PBXNativeTarget;
			buildConfigurationList = 84813EF22410400A008F91CA /* Build configuration list for PBXNativeTarget "TextEditorViewModelTest" */;
			buildPhases = (
				84813EE52410400A008F91CA /* Sources */,
				84813EE62410400A008F91CA /* Frameworks */,
				84813EE72410400A008F91CA /* Resources */,
			);
			buildRules = (
			);
			dependencies = (
				84813EEF2410400A008F91CA /* PBXTargetDependency */,
			);
			name = TextEditorViewModelTest;
			productName = TextEditorViewModelTest;
			productReference = 84813EE92410400A008F91CA /* TextEditorViewModelTest.xctest */;
			productType = "com.apple.product-type.bundle.unit-test";
		};
/* End PBXNativeTarget section */

/* Begin PBXProject section */
		84813EB22410157B008F91CA /* Project object */ = {
			isa = PBXProject;
			attributes = {
				LastSwiftUpdateCheck = 1130;
				LastUpgradeCheck = 1130;
				ORGANIZATIONNAME = azamat;
				TargetAttributes = {
					84813EB92410157B008F91CA = {
						CreatedOnToolsVersion = 11.3;
					};
					84813EE82410400A008F91CA = {
						CreatedOnToolsVersion = 11.3;
						TestTargetID = 84813EB92410157B008F91CA;
					};
				};
			};
			buildConfigurationList = 84813EB52410157B008F91CA /* Build configuration list for PBXProject "TextEditor" */;
			compatibilityVersion = "Xcode 9.3";
			developmentRegion = en;
			hasScannedForEncodings = 0;
			knownRegions = (
				en,
				Base,
			);
			mainGroup = 84813EB12410157B008F91CA;
			productRefGroup = 84813EBB2410157B008F91CA /* Products */;
			projectDirPath = "";
			projectRoot = "";
			targets = (
				84813EB92410157B008F91CA /* TextEditor */,
				84813EE82410400A008F91CA /* TextEditorViewModelTest */,
			);
		};
/* End PBXProject section */

/* Begin PBXResourcesBuildPhase section */
		84813EB82410157B008F91CA /* Resources */ = {
			isa = PBXResourcesBuildPhase;
			buildActionMask = 2147483647;
			files = (
				84813ECA2410157B008F91CA /* LaunchScreen.storyboard in Resources */,
				84813EC72410157B008F91CA /* Assets.xcassets in Resources */,
				84813EC52410157B008F91CA /* Main.storyboard in Resources */,
			);
			runOnlyForDeploymentPostprocessing = 0;
		};
		84813EE72410400A008F91CA /* Resources */ = {
			isa = PBXResourcesBuildPhase;
			buildActionMask = 2147483647;
			files = (
			);
			runOnlyForDeploymentPostprocessing = 0;
		};
/* End PBXResourcesBuildPhase section */

/* Begin PBXSourcesBuildPhase section */
		84813EB62410157B008F91CA /* Sources */ = {
			isa = PBXSourcesBuildPhase;
			buildActionMask = 2147483647;
			files = (
				84813ED224101904008F91CA /* TextEditorViewModel.swift in Sources */,
				84813EC22410157B008F91CA /* ViewController.swift in Sources */,
				84813EBE2410157B008F91CA /* AppDelegate.swift in Sources */,
				84813ED42410193B008F91CA /* Extensions.swift in Sources */,
			);
			runOnlyForDeploymentPostprocessing = 0;
		};
		84813EE52410400A008F91CA /* Sources */ = {
			isa = PBXSourcesBuildPhase;
			buildActionMask = 2147483647;
			files = (
				84813EEC2410400A008F91CA /* TextEditorViewModelTest.swift in Sources */,
			);
			runOnlyForDeploymentPostprocessing = 0;
		};
/* End PBXSourcesBuildPhase section */

/* Begin PBXTargetDependency section */
		84813EEF2410400A008F91CA /* PBXTargetDependency */ = {
			isa = PBXTargetDependency;
			target = 84813EB92410157B008F91CA /* TextEditor */;
			targetProxy = 84813EEE2410400A008F91CA /* PBXContainerItemProxy */;
		};
/* End PBXTargetDependency section */

/* Begin PBXVariantGroup section */
		84813EC32410157B008F91CA /* Main.storyboard */ = {
			isa = PBXVariantGroup;
			children = (
				84813EC42410157B008F91CA /* Base */,
			);
			name = Main.storyboard;
			sourceTree = "<group>";
		};
		84813EC82410157B008F91CA /* LaunchScreen.storyboard */ = {
			isa = PBXVariantGroup;
			children = (
				84813EC92410157B008F91CA /* Base */,
			);
			name = LaunchScreen.storyboard;
			sourceTree = "<group>";
		};
/* End PBXVariantGroup section */

/* Begin XCBuildConfiguration section */
		84813ECC2410157B008F91CA /* Debug */ = {
			isa = XCBuildConfiguration;
			buildSettings = {
				ALWAYS_SEARCH_USER_PATHS = NO;
				CLANG_ANALYZER_NONNULL = YES;
				CLANG_ANALYZER_NUMBER_OBJECT_CONVERSION = YES_AGGRESSIVE;
				CLANG_CXX_LANGUAGE_STANDARD = "gnu++14";
				CLANG_CXX_LIBRARY = "libc++";
				CLANG_ENABLE_MODULES = YES;
				CLANG_ENABLE_OBJC_ARC = YES;
				CLANG_ENABLE_OBJC_WEAK = YES;
				CLANG_WARN_BLOCK_CAPTURE_AUTORELEASING = YES;
				CLANG_WARN_BOOL_CONVERSION = YES;
				CLANG_WARN_COMMA = YES;
				CLANG_WARN_CONSTANT_CONVERSION = YES;
				CLANG_WARN_DEPRECATED_OBJC_IMPLEMENTATIONS = YES;
				CLANG_WARN_DIRECT_OBJC_ISA_USAGE = YES_ERROR;
				CLANG_WARN_DOCUMENTATION_COMMENTS = YES;
				CLANG_WARN_EMPTY_BODY = YES;
				CLANG_WARN_ENUM_CONVERSION = YES;
				CLANG_WARN_INFINITE_RECURSION = YES;
				CLANG_WARN_INT_CONVERSION = YES;
				CLANG_WARN_NON_LITERAL_NULL_CONVERSION = YES;
				CLANG_WARN_OBJC_IMPLICIT_RETAIN_SELF = YES;
				CLANG_WARN_OBJC_LITERAL_CONVERSION = YES;
				CLANG_WARN_OBJC_ROOT_CLASS = YES_ERROR;
				CLANG_WARN_RANGE_LOOP_ANALYSIS = YES;
				CLANG_WARN_STRICT_PROTOTYPES = YES;
				CLANG_WARN_SUSPICIOUS_MOVE = YES;
				CLANG_WARN_UNGUARDED_AVAILABILITY = YES_AGGRESSIVE;
				CLANG_WARN_UNREACHABLE_CODE = YES;
				CLANG_WARN__DUPLICATE_METHOD_MATCH = YES;
				COPY_PHASE_STRIP = NO;
				DEBUG_INFORMATION_FORMAT = dwarf;
				ENABLE_STRICT_OBJC_MSGSEND = YES;
				ENABLE_TESTABILITY = YES;
				GCC_C_LANGUAGE_STANDARD = gnu11;
				GCC_DYNAMIC_NO_PIC = NO;
				GCC_NO_COMMON_BLOCKS = YES;
				GCC_OPTIMIZATION_LEVEL = 0;
				GCC_PREPROCESSOR_DEFINITIONS = (
					"DEBUG=1",
					"$(inherited)",
				);
				GCC_WARN_64_TO_32_BIT_CONVERSION = YES;
				GCC_WARN_ABOUT_RETURN_TYPE = YES_ERROR;
				GCC_WARN_UNDECLARED_SELECTOR = YES;
				GCC_WARN_UNINITIALIZED_AUTOS = YES_AGGRESSIVE;
				GCC_WARN_UNUSED_FUNCTION = YES;
				GCC_WARN_UNUSED_VARIABLE = YES;
				IPHONEOS_DEPLOYMENT_TARGET = 13.2;
				MTL_ENABLE_DEBUG_INFO = INCLUDE_SOURCE;
				MTL_FAST_MATH = YES;
				ONLY_ACTIVE_ARCH = YES;
				SDKROOT = iphoneos;
				SWIFT_ACTIVE_COMPILATION_CONDITIONS = DEBUG;
				SWIFT_OPTIMIZATION_LEVEL = "-Onone";
			};
			name = Debug;
		};
		84813ECD2410157B008F91CA /* Release */ = {
			isa = XCBuildConfiguration;
			buildSettings = {
				ALWAYS_SEARCH_USER_PATHS = NO;
				CLANG_ANALYZER_NONNULL = YES;
				CLANG_ANALYZER_NUMBER_OBJECT_CONVERSION = YES_AGGRESSIVE;
				CLANG_CXX_LANGUAGE_STANDARD = "gnu++14";
				CLANG_CXX_LIBRARY = "libc++";
				CLANG_ENABLE_MODULES = YES;
				CLANG_ENABLE_OBJC_ARC = YES;
				CLANG_ENABLE_OBJC_WEAK = YES;
				CLANG_WARN_BLOCK_CAPTURE_AUTORELEASING = YES;
				CLANG_WARN_BOOL_CONVERSION = YES;
				CLANG_WARN_COMMA = YES;
				CLANG_WARN_CONSTANT_CONVERSION = YES;
				CLANG_WARN_DEPRECATED_OBJC_IMPLEMENTATIONS = YES;
				CLANG_WARN_DIRECT_OBJC_ISA_USAGE = YES_ERROR;
				CLANG_WARN_DOCUMENTATION_COMMENTS = YES;
				CLANG_WARN_EMPTY_BODY = YES;
				CLANG_WARN_ENUM_CONVERSION = YES;
				CLANG_WARN_INFINITE_RECURSION = YES;
				CLANG_WARN_INT_CONVERSION = YES;
				CLANG_WARN_NON_LITERAL_NULL_CONVERSION = YES;
				CLANG_WARN_OBJC_IMPLICIT_RETAIN_SELF = YES;
				CLANG_WARN_OBJC_LITERAL_CONVERSION = YES;
				CLANG_WARN_OBJC_ROOT_CLASS = YES_ERROR;
				CLANG_WARN_RANGE_LOOP_ANALYSIS = YES;
				CLANG_WARN_STRICT_PROTOTYPES = YES;
				CLANG_WARN_SUSPICIOUS_MOVE = YES;
				CLANG_WARN_UNGUARDED_AVAILABILITY = YES_AGGRESSIVE;
				CLANG_WARN_UNREACHABLE_CODE = YES;
				CLANG_WARN__DUPLICATE_METHOD_MATCH = YES;
				COPY_PHASE_STRIP = NO;
				DEBUG_INFORMATION_FORMAT = "dwarf-with-dsym";
				ENABLE_NS_ASSERTIONS = NO;
				ENABLE_STRICT_OBJC_MSGSEND = YES;
				GCC_C_LANGUAGE_STANDARD = gnu11;
				GCC_NO_COMMON_BLOCKS = YES;
				GCC_WARN_64_TO_32_BIT_CONVERSION = YES;
				GCC_WARN_ABOUT_RETURN_TYPE = YES_ERROR;
				GCC_WARN_UNDECLARED_SELECTOR = YES;
				GCC_WARN_UNINITIALIZED_AUTOS = YES_AGGRESSIVE;
				GCC_WARN_UNUSED_FUNCTION = YES;
				GCC_WARN_UNUSED_VARIABLE = YES;
				IPHONEOS_DEPLOYMENT_TARGET = 13.2;
				MTL_ENABLE_DEBUG_INFO = NO;
				MTL_FAST_MATH = YES;
				SDKROOT = iphoneos;
				SWIFT_COMPILATION_MODE = wholemodule;
				SWIFT_OPTIMIZATION_LEVEL = "-O";
				VALIDATE_PRODUCT = YES;
			};
			name = Release;
		};
		84813ECF2410157B008F91CA /* Debug */ = {
			isa = XCBuildConfiguration;
			buildSettings = {
				ASSETCATALOG_COMPILER_APPICON_NAME = AppIcon;
				CODE_SIGN_STYLE = Automatic;
				DEVELOPMENT_TEAM = 6U9ZF9FGAG;
				INFOPLIST_FILE = TextEditor/Info.plist;
				LD_RUNPATH_SEARCH_PATHS = (
					"$(inherited)",
					"@executable_path/Frameworks",
				);
				PRODUCT_BUNDLE_IDENTIFIER = com.peaksoft.TextEditor;
				PRODUCT_NAME = "$(TARGET_NAME)";
				SWIFT_VERSION = 5.0;
				TARGETED_DEVICE_FAMILY = "1,2";
			};
			name = Debug;
		};
		84813ED02410157B008F91CA /* Release */ = {
			isa = XCBuildConfiguration;
			buildSettings = {
				ASSETCATALOG_COMPILER_APPICON_NAME = AppIcon;
				CODE_SIGN_STYLE = Automatic;
				DEVELOPMENT_TEAM = 6U9ZF9FGAG;
				INFOPLIST_FILE = TextEditor/Info.plist;
				LD_RUNPATH_SEARCH_PATHS = (
					"$(inherited)",
					"@executable_path/Frameworks",
				);
				PRODUCT_BUNDLE_IDENTIFIER = com.peaksoft.TextEditor;
				PRODUCT_NAME = "$(TARGET_NAME)";
				SWIFT_VERSION = 5.0;
				TARGETED_DEVICE_FAMILY = "1,2";
			};
			name = Release;
		};
		84813EF02410400A008F91CA /* Debug */ = {
			isa = XCBuildConfiguration;
			buildSettings = {
				BUNDLE_LOADER = "$(TEST_HOST)";
				CODE_SIGN_STYLE = Automatic;
				DEVELOPMENT_TEAM = 6U9ZF9FGAG;
				INFOPLIST_FILE = TextEditorViewModelTest/Info.plist;
				LD_RUNPATH_SEARCH_PATHS = (
					"$(inherited)",
					"@executable_path/Frameworks",
					"@loader_path/Frameworks",
				);
				PRODUCT_BUNDLE_IDENTIFIER = com.peaksoft.TextEditorViewModelTest;
				PRODUCT_NAME = "$(TARGET_NAME)";
				SWIFT_VERSION = 5.0;
				TARGETED_DEVICE_FAMILY = "1,2";
				TEST_HOST = "$(BUILT_PRODUCTS_DIR)/TextEditor.app/TextEditor";
			};
			name = Debug;
		};
		84813EF12410400A008F91CA /* Release */ = {
			isa = XCBuildConfiguration;
			buildSettings = {
				BUNDLE_LOADER = "$(TEST_HOST)";
				CODE_SIGN_STYLE = Automatic;
				DEVELOPMENT_TEAM = 6U9ZF9FGAG;
				INFOPLIST_FILE = TextEditorViewModelTest/Info.plist;
				LD_RUNPATH_SEARCH_PATHS = (
					"$(inherited)",
					"@executable_path/Frameworks",
					"@loader_path/Frameworks",
				);
				PRODUCT_BUNDLE_IDENTIFIER = com.peaksoft.TextEditorViewModelTest;
				PRODUCT_NAME = "$(TARGET_NAME)";
				SWIFT_VERSION = 5.0;
				TARGETED_DEVICE_FAMILY = "1,2";
				TEST_HOST = "$(BUILT_PRODUCTS_DIR)/TextEditor.app/TextEditor";
			};
			name = Release;
		};
/* End XCBuildConfiguration section */

/* Begin XCConfigurationList section */
		84813EB52410157B008F91CA /* Build configuration list for PBXProject "TextEditor" */ = {
			isa = XCConfigurationList;
			buildConfigurations = (
				84813ECC2410157B008F91CA /* Debug */,
				84813ECD2410157B008F91CA /* Release */,
			);
			defaultConfigurationIsVisible = 0;
			defaultConfigurationName = Release;
		};
		84813ECE2410157B008F91CA /* Build configuration list for PBXNativeTarget "TextEditor" */ = {
			isa = XCConfigurationList;
			buildConfigurations = (
				84813ECF2410157B008F91CA /* Debug */,
				84813ED02410157B008F91CA /* Release */,
			);
			defaultConfigurationIsVisible = 0;
			defaultConfigurationName = Release;
		};
		84813EF22410400A008F91CA /* Build configuration list for PBXNativeTarget "TextEditorViewModelTest" */ = {
			isa = XCConfigurationList;
			buildConfigurations = (
				84813EF02410400A008F91CA /* Debug */,
				84813EF12410400A008F91CA /* Release */,
			);
			defaultConfigurationIsVisible = 0;
			defaultConfigurationName = Release;
		};
/* End XCConfigurationList section */
	};
	rootObject = 84813EB22410157B008F91CA /* Project object */;
}
